
Microsoft Visual Studio Solution File, Format Version 12.00
# Visual Studio Version 17
VisualStudioVersion = 17.7.34202.233
MinimumVisualStudioVersion = 10.0.40219.1
Project("{2150E333-8FDC-42A3-9474-1A3956D46DE8}") = "src", "src", "{EB624F69-8FAA-4265-BCB9-CD300BC9812F}"
EndProject
Project("{2150E333-8FDC-42A3-9474-1A3956D46DE8}") = "api", "api", "{F9F0E70D-91E9-4ABA-B783-C7A23F79A961}"
EndProject
Project("{2150E333-8FDC-42A3-9474-1A3956D46DE8}") = "test", "test", "{7646BA47-DCEB-47BA-B422-B78E366DC9AC}"
EndProject
Project("{2150E333-8FDC-42A3-9474-1A3956D46DE8}") = "web", "web", "{2D7522F2-9699-401E-BBC7-A3439DDCE32B}"
EndProject
Project("{2150E333-8FDC-42A3-9474-1A3956D46DE8}") = "video", "video", "{1C275207-088C-4D61-9692-61A22EDD60ED}"
EndProject
Project("{9A19103F-16F7-4668-BE54-9A1E7A4F7556}") = "Learning.Video.Api", "src\api\video\Learning.Video.Api\Learning.Video.Api.csproj", "{8EB38B9A-1F6F-4E7C-9C50-C44EF1E5C4FD}"
EndProject
Project("{2150E333-8FDC-42A3-9474-1A3956D46DE8}") = "shared", "shared", "{31D9AEB8-ACE6-4427-964D-CD0252BD9BD3}"
EndProject
Project("{9A19103F-16F7-4668-BE54-9A1E7A4F7556}") = "Learning.Shared.Common", "src\shared\Learning.Shared.Common\Learning.Shared.Common.csproj", "{F908E230-7646-4B8F-9DBC-32065B0B6CCE}"
EndProject
Project("{9A19103F-16F7-4668-BE54-9A1E7A4F7556}") = "Learning.Shared.Application", "src\shared\Learning.Shared.Application\Learning.Shared.Application.csproj", "{3C9A0C01-0BD4-469D-B616-53C2354E12BC}"
EndProject
Project("{9A19103F-16F7-4668-BE54-9A1E7A4F7556}") = "Learning.Shared.Infrastructure", "src\shared\Learning.Shared.Infrastructure\Learning.Shared.Infrastructure.csproj", "{3D11D476-568E-4B59-82F4-8E1160FBE213}"
EndProject
Project("{2150E333-8FDC-42A3-9474-1A3956D46DE8}") = "notification", "notification", "{0E31C12E-E9EB-48C0-978E-E93E70666639}"
EndProject
Project("{9A19103F-16F7-4668-BE54-9A1E7A4F7556}") = "Learning.Notification.Api", "src\api\notification\Learning.Notification.Api\Learning.Notification.Api.csproj", "{4FE60089-7B37-47D5-98AF-9D853744F9B9}"
EndProject
Project("{9A19103F-16F7-4668-BE54-9A1E7A4F7556}") = "Learning.Client.Web", "src\web\Learning.Client.Web\Learning.Client.Web.csproj", "{50E69337-C4A9-4C8E-911F-0DFC8DBC7E1D}"
EndProject
Project("{9A19103F-16F7-4668-BE54-9A1E7A4F7556}") = "Learning.Client.Application", "src\web\Learning.Client.Application\Learning.Client.Application.csproj", "{89CC17F0-D4E7-4E88-9BE6-5741270CD5DD}"
EndProject
Project("{9A19103F-16F7-4668-BE54-9A1E7A4F7556}") = "Learning.Client.Shared", "src\web\Learning.Client.Shared\Learning.Client.Shared.csproj", "{EC88C152-613C-4657-9A48-8715EE4578A0}"
EndProject
Project("{9A19103F-16F7-4668-BE54-9A1E7A4F7556}") = "Learning.App.Web", "src\web\Learning.App.Web\Learning.App.Web\Learning.App.Web.csproj", "{B963316B-568E-4814-892D-155D4AE778ED}"
EndProject
Project("{9A19103F-16F7-4668-BE54-9A1E7A4F7556}") = "Learning.App.Web.Client", "src\web\Learning.App.Web\Learning.App.Web.Client\Learning.App.Web.Client.csproj", "{991EC22E-823E-4F0A-89B4-7B0F5C662E5F}"
EndProject
Project("{2150E333-8FDC-42A3-9474-1A3956D46DE8}") = "identity", "identity", "{41B00870-ACEC-493A-98A9-8C7535746A85}"
EndProject
Global
	GlobalSection(SolutionConfigurationPlatforms) = preSolution
		Debug|Any CPU = Debug|Any CPU
		Release|Any CPU = Release|Any CPU
	EndGlobalSection
	GlobalSection(ProjectConfigurationPlatforms) = postSolution
		{8EB38B9A-1F6F-4E7C-9C50-C44EF1E5C4FD}.Debug|Any CPU.ActiveCfg = Debug|Any CPU
		{8EB38B9A-1F6F-4E7C-9C50-C44EF1E5C4FD}.Debug|Any CPU.Build.0 = Debug|Any CPU
		{8EB38B9A-1F6F-4E7C-9C50-C44EF1E5C4FD}.Release|Any CPU.ActiveCfg = Release|Any CPU
		{8EB38B9A-1F6F-4E7C-9C50-C44EF1E5C4FD}.Release|Any CPU.Build.0 = Release|Any CPU
		{F908E230-7646-4B8F-9DBC-32065B0B6CCE}.Debug|Any CPU.ActiveCfg = Debug|Any CPU
		{F908E230-7646-4B8F-9DBC-32065B0B6CCE}.Debug|Any CPU.Build.0 = Debug|Any CPU
		{F908E230-7646-4B8F-9DBC-32065B0B6CCE}.Release|Any CPU.ActiveCfg = Release|Any CPU
		{F908E230-7646-4B8F-9DBC-32065B0B6CCE}.Release|Any CPU.Build.0 = Release|Any CPU
		{3C9A0C01-0BD4-469D-B616-53C2354E12BC}.Debug|Any CPU.ActiveCfg = Debug|Any CPU
		{3C9A0C01-0BD4-469D-B616-53C2354E12BC}.Debug|Any CPU.Build.0 = Debug|Any CPU
		{3C9A0C01-0BD4-469D-B616-53C2354E12BC}.Release|Any CPU.ActiveCfg = Release|Any CPU
		{3C9A0C01-0BD4-469D-B616-53C2354E12BC}.Release|Any CPU.Build.0 = Release|Any CPU
		{3D11D476-568E-4B59-82F4-8E1160FBE213}.Debug|Any CPU.ActiveCfg = Debug|Any CPU
		{3D11D476-568E-4B59-82F4-8E1160FBE213}.Debug|Any CPU.Build.0 = Debug|Any CPU
		{3D11D476-568E-4B59-82F4-8E1160FBE213}.Release|Any CPU.ActiveCfg = Release|Any CPU
		{3D11D476-568E-4B59-82F4-8E1160FBE213}.Release|Any CPU.Build.0 = Release|Any CPU
		{4FE60089-7B37-47D5-98AF-9D853744F9B9}.Debug|Any CPU.ActiveCfg = Debug|Any CPU
		{4FE60089-7B37-47D5-98AF-9D853744F9B9}.Debug|Any CPU.Build.0 = Debug|Any CPU
		{4FE60089-7B37-47D5-98AF-9D853744F9B9}.Release|Any CPU.ActiveCfg = Release|Any CPU
		{4FE60089-7B37-47D5-98AF-9D853744F9B9}.Release|Any CPU.Build.0 = Release|Any CPU
		{50E69337-C4A9-4C8E-911F-0DFC8DBC7E1D}.Debug|Any CPU.ActiveCfg = Debug|Any CPU
		{50E69337-C4A9-4C8E-911F-0DFC8DBC7E1D}.Debug|Any CPU.Build.0 = Debug|Any CPU
		{50E69337-C4A9-4C8E-911F-0DFC8DBC7E1D}.Release|Any CPU.ActiveCfg = Release|Any CPU
		{50E69337-C4A9-4C8E-911F-0DFC8DBC7E1D}.Release|Any CPU.Build.0 = Release|Any CPU
		{89CC17F0-D4E7-4E88-9BE6-5741270CD5DD}.Debug|Any CPU.ActiveCfg = Debug|Any CPU
		{89CC17F0-D4E7-4E88-9BE6-5741270CD5DD}.Debug|Any CPU.Build.0 = Debug|Any CPU
		{89CC17F0-D4E7-4E88-9BE6-5741270CD5DD}.Release|Any CPU.ActiveCfg = Release|Any CPU
		{89CC17F0-D4E7-4E88-9BE6-5741270CD5DD}.Release|Any CPU.Build.0 = Release|Any CPU
		{EC88C152-613C-4657-9A48-8715EE4578A0}.Debug|Any CPU.ActiveCfg = Debug|Any CPU
		{EC88C152-613C-4657-9A48-8715EE4578A0}.Debug|Any CPU.Build.0 = Debug|Any CPU
		{EC88C152-613C-4657-9A48-8715EE4578A0}.Release|Any CPU.ActiveCfg = Release|Any CPU
		{EC88C152-613C-4657-9A48-8715EE4578A0}.Release|Any CPU.Build.0 = Release|Any CPU
		{B963316B-568E-4814-892D-155D4AE778ED}.Debug|Any CPU.ActiveCfg = Debug|Any CPU
		{B963316B-568E-4814-892D-155D4AE778ED}.Debug|Any CPU.Build.0 = Debug|Any CPU
		{B963316B-568E-4814-892D-155D4AE778ED}.Release|Any CPU.ActiveCfg = Release|Any CPU
		{B963316B-568E-4814-892D-155D4AE778ED}.Release|Any CPU.Build.0 = Release|Any CPU
		{991EC22E-823E-4F0A-89B4-7B0F5C662E5F}.Debug|Any CPU.ActiveCfg = Debug|Any CPU
		{991EC22E-823E-4F0A-89B4-7B0F5C662E5F}.Debug|Any CPU.Build.0 = Debug|Any CPU
		{991EC22E-823E-4F0A-89B4-7B0F5C662E5F}.Release|Any CPU.ActiveCfg = Release|Any CPU
		{991EC22E-823E-4F0A-89B4-7B0F5C662E5F}.Release|Any CPU.Build.0 = Release|Any CPU
	EndGlobalSection
	GlobalSection(SolutionProperties) = preSolution
		HideSolutionNode = FALSE
	EndGlobalSection
	GlobalSection(NestedProjects) = preSolution
		{F9F0E70D-91E9-4ABA-B783-C7A23F79A961} = {EB624F69-8FAA-4265-BCB9-CD300BC9812F}
		{2D7522F2-9699-401E-BBC7-A3439DDCE32B} = {EB624F69-8FAA-4265-BCB9-CD300BC9812F}
		{1C275207-088C-4D61-9692-61A22EDD60ED} = {F9F0E70D-91E9-4ABA-B783-C7A23F79A961}
		{8EB38B9A-1F6F-4E7C-9C50-C44EF1E5C4FD} = {1C275207-088C-4D61-9692-61A22EDD60ED}
		{31D9AEB8-ACE6-4427-964D-CD0252BD9BD3} = {EB624F69-8FAA-4265-BCB9-CD300BC9812F}
		{F908E230-7646-4B8F-9DBC-32065B0B6CCE} = {31D9AEB8-ACE6-4427-964D-CD0252BD9BD3}
		{3C9A0C01-0BD4-469D-B616-53C2354E12BC} = {31D9AEB8-ACE6-4427-964D-CD0252BD9BD3}
		{3D11D476-568E-4B59-82F4-8E1160FBE213} = {31D9AEB8-ACE6-4427-964D-CD0252BD9BD3}
		{0E31C12E-E9EB-48C0-978E-E93E70666639} = {F9F0E70D-91E9-4ABA-B783-C7A23F79A961}
		{4FE60089-7B37-47D5-98AF-9D853744F9B9} = {0E31C12E-E9EB-48C0-978E-E93E70666639}
		{50E69337-C4A9-4C8E-911F-0DFC8DBC7E1D} = {2D7522F2-9699-401E-BBC7-A3439DDCE32B}
		{89CC17F0-D4E7-4E88-9BE6-5741270CD5DD} = {2D7522F2-9699-401E-BBC7-A3439DDCE32B}
		{EC88C152-613C-4657-9A48-8715EE4578A0} = {2D7522F2-9699-401E-BBC7-A3439DDCE32B}
		{B963316B-568E-4814-892D-155D4AE778ED} = {2D7522F2-9699-401E-BBC7-A3439DDCE32B}
		{991EC22E-823E-4F0A-89B4-7B0F5C662E5F} = {2D7522F2-9699-401E-BBC7-A3439DDCE32B}
		{41B00870-ACEC-493A-98A9-8C7535746A85} = {EB624F69-8FAA-4265-BCB9-CD300BC9812F}
	EndGlobalSection
	GlobalSection(ExtensibilityGlobals) = postSolution
		SolutionGuid = {F31B7102-7CC5-4A19-98E7-0E58CBAE84BC}
	EndGlobalSection
EndGlobal
